// !$*UTF8*$!
{
	archiveVersion = 1;
	classes = {
	};
	objectVersion = 45;
	objects = {

/* Begin PBXBuildFile section */
		131394F80DB40DC0006C42EB /* ArchiveProgressView.m in Sources */ = {isa = PBXBuildFile; fileRef = 131394F70DB40DC0006C42EB /* ArchiveProgressView.m */; };
		1318209F0DA91D9300DCC77A /* Growl.framework in Frameworks */ = {isa = PBXBuildFile; fileRef = 1318209E0DA91D9300DCC77A /* Growl.framework */; };
		131820D20DA9368600DCC77A /* ArchiveProgressView.xib in Resources */ = {isa = PBXBuildFile; fileRef = 131820D10DA9368600DCC77A /* ArchiveProgressView.xib */; };
		131820E40DA9378100DCC77A /* ArchiveProgressController.m in Sources */ = {isa = PBXBuildFile; fileRef = 131820DD0DA9378100DCC77A /* ArchiveProgressController.m */; };
		131820E50DA9378100DCC77A /* MFDropBox.m in Sources */ = {isa = PBXBuildFile; fileRef = 131820DF0DA9378100DCC77A /* MFDropBox.m */; };
		131820E60DA9378100DCC77A /* MFFlippedView.m in Sources */ = {isa = PBXBuildFile; fileRef = 131820E10DA9378100DCC77A /* MFFlippedView.m */; };
		131820E70DA9378100DCC77A /* FSGrowler.m in Sources */ = {isa = PBXBuildFile; fileRef = 131820E30DA9378100DCC77A /* FSGrowler.m */; };
		131821070DA938A300DCC77A /* Growl.framework in CopyFiles */ = {isa = PBXBuildFile; fileRef = 1318209E0DA91D9300DCC77A /* Growl.framework */; };
		1318212C0DA93C6A00DCC77A /* Bezipped.icns in Resources */ = {isa = PBXBuildFile; fileRef = 1318212B0DA93C6A00DCC77A /* Bezipped.icns */; };
		136F75910DB25F51006E4780 /* MFBigTextView.m in Sources */ = {isa = PBXBuildFile; fileRef = 136F75900DB25F51006E4780 /* MFBigTextView.m */; };
		1375AE890DB6E85800855CFC /* Preferences.xib in Resources */ = {isa = PBXBuildFile; fileRef = 1375AE880DB6E85800855CFC /* Preferences.xib */; };
		1375AE8F0DB6EB0F00855CFC /* PreferencesController.m in Sources */ = {isa = PBXBuildFile; fileRef = 1375AE8E0DB6EB0F00855CFC /* PreferencesController.m */; };
		13851A000DADAE1100170D43 /* Sparkle.framework in Frameworks */ = {isa = PBXBuildFile; fileRef = 138519FF0DADAE1100170D43 /* Sparkle.framework */; };
		13851A030DADAE2200170D43 /* Sparkle.framework in CopyFiles */ = {isa = PBXBuildFile; fileRef = 138519FF0DADAE1100170D43 /* Sparkle.framework */; };
		139F39C10EA800480078D241 /* AppController.m in Sources */ = {isa = PBXBuildFile; fileRef = 139F39C00EA800480078D241 /* AppController.m */; };
		13B90C6E0DAC41F100996E85 /* AJHBezierUtils.m in Sources */ = {isa = PBXBuildFile; fileRef = 13B90C6B0DAC41F100996E85 /* AJHBezierUtils.m */; };
		13B90C6F0DAC41F100996E85 /* MFDropZoneView.m in Sources */ = {isa = PBXBuildFile; fileRef = 13B90C6D0DAC41F100996E85 /* MFDropZoneView.m */; };
		13E79FF20DCC803B00CD8237 /* AboutBox.xib in Resources */ = {isa = PBXBuildFile; fileRef = 13E79FF10DCC803B00CD8237 /* AboutBox.xib */; };
		13E7A0110DCC87BF00CD8237 /* AboutBoxController.m in Sources */ = {isa = PBXBuildFile; fileRef = 13E7A0100DCC87BF00CD8237 /* AboutBoxController.m */; };
		8D11072A0486CEB800E47090 /* MainMenu.nib in Resources */ = {isa = PBXBuildFile; fileRef = 29B97318FDCFA39411CA2CEA /* MainMenu.nib */; };
		8D11072B0486CEB800E47090 /* InfoPlist.strings in Resources */ = {isa = PBXBuildFile; fileRef = 089C165CFE840E0CC02AAC07 /* InfoPlist.strings */; };
		8D11072D0486CEB800E47090 /* main.m in Sources */ = {isa = PBXBuildFile; fileRef = 29B97316FDCFA39411CA2CEA /* main.m */; settings = {ATTRIBUTES = (); }; };
		8D11072F0486CEB800E47090 /* Cocoa.framework in Frameworks */ = {isa = PBXBuildFile; fileRef = 1058C7A1FEA54F0111CA2CBB /* Cocoa.framework */; };
/* End PBXBuildFile section */

/* Begin PBXCopyFilesBuildPhase section */
		131821200DA938BD00DCC77A /* CopyFiles */ = {
			isa = PBXCopyFilesBuildPhase;
			buildActionMask = 2147483647;
			dstPath = "";
			dstSubfolderSpec = 10;
			files = (
				13851A030DADAE2200170D43 /* Sparkle.framework in CopyFiles */,
				131821070DA938A300DCC77A /* Growl.framework in CopyFiles */,
			);
			runOnlyForDeploymentPostprocessing = 0;
		};
/* End PBXCopyFilesBuildPhase section */

/* Begin PBXFileReference section */
		089C165DFE840E0CC02AAC07 /* English */ = {isa = PBXFileReference; fileEncoding = 10; lastKnownFileType = text.plist.strings; name = English; path = English.lproj/InfoPlist.strings; sourceTree = "<group>"; };
		1058C7A1FEA54F0111CA2CBB /* Cocoa.framework */ = {isa = PBXFileReference; lastKnownFileType = wrapper.framework; name = Cocoa.framework; path = /System/Library/Frameworks/Cocoa.framework; sourceTree = "<absolute>"; };
		130E678B0DC552BE001E5540 /* BezippedSoftwareUpdates.xml */ = {isa = PBXFileReference; fileEncoding = 4; lastKnownFileType = text.xml; path = BezippedSoftwareUpdates.xml; sourceTree = "<group>"; };
		131394F60DB40DC0006C42EB /* ArchiveProgressView.h */ = {isa = PBXFileReference; fileEncoding = 4; lastKnownFileType = sourcecode.c.h; path = ArchiveProgressView.h; sourceTree = "<group>"; };
		131394F70DB40DC0006C42EB /* ArchiveProgressView.m */ = {isa = PBXFileReference; fileEncoding = 4; lastKnownFileType = sourcecode.c.objc; path = ArchiveProgressView.m; sourceTree = "<group>"; };
		1318209E0DA91D9300DCC77A /* Growl.framework */ = {isa = PBXFileReference; lastKnownFileType = wrapper.framework; path = Growl.framework; sourceTree = "<group>"; };
		131820D10DA9368600DCC77A /* ArchiveProgressView.xib */ = {isa = PBXFileReference; lastKnownFileType = file.xib; path = ArchiveProgressView.xib; sourceTree = "<group>"; };
		131820DC0DA9378100DCC77A /* ArchiveProgressController.h */ = {isa = PBXFileReference; fileEncoding = 4; lastKnownFileType = sourcecode.c.h; path = ArchiveProgressController.h; sourceTree = "<group>"; };
		131820DD0DA9378100DCC77A /* ArchiveProgressController.m */ = {isa = PBXFileReference; fileEncoding = 4; lastKnownFileType = sourcecode.c.objc; path = ArchiveProgressController.m; sourceTree = "<group>"; };
		131820DE0DA9378100DCC77A /* MFDropBox.h */ = {isa = PBXFileReference; fileEncoding = 4; lastKnownFileType = sourcecode.c.h; path = MFDropBox.h; sourceTree = "<group>"; };
		131820DF0DA9378100DCC77A /* MFDropBox.m */ = {isa = PBXFileReference; fileEncoding = 4; lastKnownFileType = sourcecode.c.objc; path = MFDropBox.m; sourceTree = "<group>"; };
		131820E00DA9378100DCC77A /* MFFlippedView.h */ = {isa = PBXFileReference; fileEncoding = 4; lastKnownFileType = sourcecode.c.h; path = MFFlippedView.h; sourceTree = "<group>"; };
		131820E10DA9378100DCC77A /* MFFlippedView.m */ = {isa = PBXFileReference; fileEncoding = 4; lastKnownFileType = sourcecode.c.objc; path = MFFlippedView.m; sourceTree = "<group>"; };
		131820E20DA9378100DCC77A /* FSGrowler.h */ = {isa = PBXFileReference; fileEncoding = 4; lastKnownFileType = sourcecode.c.h; path = FSGrowler.h; sourceTree = "<group>"; };
		131820E30DA9378100DCC77A /* FSGrowler.m */ = {isa = PBXFileReference; fileEncoding = 4; lastKnownFileType = sourcecode.c.objc; path = FSGrowler.m; sourceTree = "<group>"; };
		1318212B0DA93C6A00DCC77A /* Bezipped.icns */ = {isa = PBXFileReference; lastKnownFileType = image.icns; path = Bezipped.icns; sourceTree = "<group>"; };
		136F758F0DB25F51006E4780 /* MFBigTextView.h */ = {isa = PBXFileReference; fileEncoding = 4; lastKnownFileType = sourcecode.c.h; path = MFBigTextView.h; sourceTree = "<group>"; };
		136F75900DB25F51006E4780 /* MFBigTextView.m */ = {isa = PBXFileReference; fileEncoding = 4; lastKnownFileType = sourcecode.c.objc; path = MFBigTextView.m; sourceTree = "<group>"; };
		1375AE880DB6E85800855CFC /* Preferences.xib */ = {isa = PBXFileReference; lastKnownFileType = file.xib; path = Preferences.xib; sourceTree = "<group>"; };
		1375AE8D0DB6EB0F00855CFC /* PreferencesController.h */ = {isa = PBXFileReference; fileEncoding = 4; lastKnownFileType = sourcecode.c.h; path = PreferencesController.h; sourceTree = "<group>"; };
		1375AE8E0DB6EB0F00855CFC /* PreferencesController.m */ = {isa = PBXFileReference; fileEncoding = 4; lastKnownFileType = sourcecode.c.objc; path = PreferencesController.m; sourceTree = "<group>"; };
		138519FF0DADAE1100170D43 /* Sparkle.framework */ = {isa = PBXFileReference; lastKnownFileType = wrapper.framework; path = Sparkle.framework; sourceTree = "<group>"; };
		139F39BF0EA800480078D241 /* AppController.h */ = {isa = PBXFileReference; fileEncoding = 4; lastKnownFileType = sourcecode.c.h; path = AppController.h; sourceTree = "<group>"; };
		139F39C00EA800480078D241 /* AppController.m */ = {isa = PBXFileReference; fileEncoding = 4; lastKnownFileType = sourcecode.c.objc; path = AppController.m; sourceTree = "<group>"; };
		13B90C6A0DAC41F100996E85 /* AJHBezierUtils.h */ = {isa = PBXFileReference; fileEncoding = 4; lastKnownFileType = sourcecode.c.h; path = AJHBezierUtils.h; sourceTree = "<group>"; };
		13B90C6B0DAC41F100996E85 /* AJHBezierUtils.m */ = {isa = PBXFileReference; fileEncoding = 4; lastKnownFileType = sourcecode.c.objc; path = AJHBezierUtils.m; sourceTree = "<group>"; };
		13B90C6C0DAC41F100996E85 /* MFDropZoneView.h */ = {isa = PBXFileReference; fileEncoding = 4; lastKnownFileType = sourcecode.c.h; path = MFDropZoneView.h; sourceTree = "<group>"; };
		13B90C6D0DAC41F100996E85 /* MFDropZoneView.m */ = {isa = PBXFileReference; fileEncoding = 4; lastKnownFileType = sourcecode.c.objc; path = MFDropZoneView.m; sourceTree = "<group>"; };
		13BDE1630DB25B3A003FFDA7 /* Bezipped.app */ = {isa = PBXFileReference; explicitFileType = wrapper.application; includeInIndex = 0; path = Bezipped.app; sourceTree = BUILT_PRODUCTS_DIR; };
		13E42FB307B3F0F600E4EEF1 /* CoreData.framework */ = {isa = PBXFileReference; lastKnownFileType = wrapper.framework; name = CoreData.framework; path = /System/Library/Frameworks/CoreData.framework; sourceTree = "<absolute>"; };
		13E79FF10DCC803B00CD8237 /* AboutBox.xib */ = {isa = PBXFileReference; lastKnownFileType = file.xib; path = AboutBox.xib; sourceTree = "<group>"; };
		13E7A00F0DCC87BF00CD8237 /* AboutBoxController.h */ = {isa = PBXFileReference; fileEncoding = 4; lastKnownFileType = sourcecode.c.h; path = AboutBoxController.h; sourceTree = "<group>"; };
		13E7A0100DCC87BF00CD8237 /* AboutBoxController.m */ = {isa = PBXFileReference; fileEncoding = 4; lastKnownFileType = sourcecode.c.objc; path = AboutBoxController.m; sourceTree = "<group>"; };
		29B97316FDCFA39411CA2CEA /* main.m */ = {isa = PBXFileReference; fileEncoding = 4; lastKnownFileType = sourcecode.c.objc; path = main.m; sourceTree = "<group>"; };
		29B97319FDCFA39411CA2CEA /* English */ = {isa = PBXFileReference; lastKnownFileType = wrapper.nib; name = English; path = English.lproj/MainMenu.nib; sourceTree = "<group>"; };
		29B97324FDCFA39411CA2CEA /* AppKit.framework */ = {isa = PBXFileReference; lastKnownFileType = wrapper.framework; name = AppKit.framework; path = /System/Library/Frameworks/AppKit.framework; sourceTree = "<absolute>"; };
		29B97325FDCFA39411CA2CEA /* Foundation.framework */ = {isa = PBXFileReference; lastKnownFileType = wrapper.framework; name = Foundation.framework; path = /System/Library/Frameworks/Foundation.framework; sourceTree = "<absolute>"; };
		32CA4F630368D1EE00C91783 /* Bezipped_Prefix.pch */ = {isa = PBXFileReference; fileEncoding = 4; lastKnownFileType = sourcecode.c.h; path = Bezipped_Prefix.pch; sourceTree = "<group>"; };
		8D1107310486CEB800E47090 /* Info.plist */ = {isa = PBXFileReference; fileEncoding = 4; lastKnownFileType = text.plist.xml; path = Info.plist; sourceTree = "<group>"; };
/* End PBXFileReference section */

/* Begin PBXFrameworksBuildPhase section */
		8D11072E0486CEB800E47090 /* Frameworks */ = {
			isa = PBXFrameworksBuildPhase;
			buildActionMask = 2147483647;
			files = (
				8D11072F0486CEB800E47090 /* Cocoa.framework in Frameworks */,
				1318209F0DA91D9300DCC77A /* Growl.framework in Frameworks */,
				13851A000DADAE1100170D43 /* Sparkle.framework in Frameworks */,
			);
			runOnlyForDeploymentPostprocessing = 0;
		};
/* End PBXFrameworksBuildPhase section */

/* Begin PBXGroup section */
		080E96DDFE201D6D7F000001 /* Classes */ = {
			isa = PBXGroup;
			children = (
				131394F60DB40DC0006C42EB /* ArchiveProgressView.h */,
				131394F70DB40DC0006C42EB /* ArchiveProgressView.m */,
				136F758F0DB25F51006E4780 /* MFBigTextView.h */,
				136F75900DB25F51006E4780 /* MFBigTextView.m */,
				13B90C6A0DAC41F100996E85 /* AJHBezierUtils.h */,
				13B90C6B0DAC41F100996E85 /* AJHBezierUtils.m */,
				13B90C6C0DAC41F100996E85 /* MFDropZoneView.h */,
				13B90C6D0DAC41F100996E85 /* MFDropZoneView.m */,
				131820DC0DA9378100DCC77A /* ArchiveProgressController.h */,
				131820DD0DA9378100DCC77A /* ArchiveProgressController.m */,
				131820DE0DA9378100DCC77A /* MFDropBox.h */,
				131820DF0DA9378100DCC77A /* MFDropBox.m */,
				131820E00DA9378100DCC77A /* MFFlippedView.h */,
				131820E10DA9378100DCC77A /* MFFlippedView.m */,
				131820E20DA9378100DCC77A /* FSGrowler.h */,
				131820E30DA9378100DCC77A /* FSGrowler.m */,
				1375AE8D0DB6EB0F00855CFC /* PreferencesController.h */,
				1375AE8E0DB6EB0F00855CFC /* PreferencesController.m */,
				13E7A00F0DCC87BF00CD8237 /* AboutBoxController.h */,
				13E7A0100DCC87BF00CD8237 /* AboutBoxController.m */,
				139F39BF0EA800480078D241 /* AppController.h */,
				139F39C00EA800480078D241 /* AppController.m */,
			);
			name = Classes;
			sourceTree = "<group>";
		};
		1058C7A0FEA54F0111CA2CBB /* Linked Frameworks */ = {
			isa = PBXGroup;
			children = (
				138519FF0DADAE1100170D43 /* Sparkle.framework */,
				1318209E0DA91D9300DCC77A /* Growl.framework */,
				1058C7A1FEA54F0111CA2CBB /* Cocoa.framework */,
			);
			name = "Linked Frameworks";
			sourceTree = "<group>";
		};
		1058C7A2FEA54F0111CA2CBB /* Other Frameworks */ = {
			isa = PBXGroup;
			children = (
				29B97324FDCFA39411CA2CEA /* AppKit.framework */,
				13E42FB307B3F0F600E4EEF1 /* CoreData.framework */,
				29B97325FDCFA39411CA2CEA /* Foundation.framework */,
			);
			name = "Other Frameworks";
			sourceTree = "<group>";
		};
		19C28FACFE9D520D11CA2CBB /* Products */ = {
			isa = PBXGroup;
			children = (
				13BDE1630DB25B3A003FFDA7 /* Bezipped.app */,
			);
			name = Products;
			sourceTree = "<group>";
		};
		29B97314FDCFA39411CA2CEA /* Bezipped */ = {
			isa = PBXGroup;
			children = (
				080E96DDFE201D6D7F000001 /* Classes */,
				29B97315FDCFA39411CA2CEA /* Other Sources */,
				29B97317FDCFA39411CA2CEA /* Resources */,
				29B97323FDCFA39411CA2CEA /* Frameworks */,
				19C28FACFE9D520D11CA2CBB /* Products */,
			);
			name = Bezipped;
			sourceTree = "<group>";
		};
		29B97315FDCFA39411CA2CEA /* Other Sources */ = {
			isa = PBXGroup;
			children = (
				32CA4F630368D1EE00C91783 /* Bezipped_Prefix.pch */,
				29B97316FDCFA39411CA2CEA /* main.m */,
			);
			name = "Other Sources";
			sourceTree = "<group>";
		};
		29B97317FDCFA39411CA2CEA /* Resources */ = {
			isa = PBXGroup;
			children = (
				1375AE880DB6E85800855CFC /* Preferences.xib */,
				130E678B0DC552BE001E5540 /* BezippedSoftwareUpdates.xml */,
				1318212B0DA93C6A00DCC77A /* Bezipped.icns */,
				131820D10DA9368600DCC77A /* ArchiveProgressView.xib */,
				8D1107310486CEB800E47090 /* Info.plist */,
				089C165CFE840E0CC02AAC07 /* InfoPlist.strings */,
				29B97318FDCFA39411CA2CEA /* MainMenu.nib */,
				13E79FF10DCC803B00CD8237 /* AboutBox.xib */,
			);
			name = Resources;
			sourceTree = "<group>";
		};
		29B97323FDCFA39411CA2CEA /* Frameworks */ = {
			isa = PBXGroup;
			children = (
				1058C7A0FEA54F0111CA2CBB /* Linked Frameworks */,
				1058C7A2FEA54F0111CA2CBB /* Other Frameworks */,
			);
			name = Frameworks;
			sourceTree = "<group>";
		};
/* End PBXGroup section */

/* Begin PBXNativeTarget section */
		8D1107260486CEB800E47090 /* Bezipped */ = {
			isa = PBXNativeTarget;
			buildConfigurationList = C01FCF4A08A954540054247B /* Build configuration list for PBXNativeTarget "Bezipped" */;
			buildPhases = (
				8D1107290486CEB800E47090 /* Resources */,
				131821200DA938BD00DCC77A /* CopyFiles */,
				8D11072C0486CEB800E47090 /* Sources */,
				8D11072E0486CEB800E47090 /* Frameworks */,
			);
			buildRules = (
			);
			dependencies = (
			);
			name = Bezipped;
			productInstallPath = "$(HOME)/Applications";
			productName = Bezipped;
			productReference = 13BDE1630DB25B3A003FFDA7 /* Bezipped.app */;
			productType = "com.apple.product-type.application";
		};
/* End PBXNativeTarget section */

/* Begin PBXProject section */
		29B97313FDCFA39411CA2CEA /* Project object */ = {
			isa = PBXProject;
			buildConfigurationList = C01FCF4E08A954540054247B /* Build configuration list for PBXProject "Bezipped" */;
			compatibilityVersion = "Xcode 3.1";
			hasScannedForEncodings = 1;
			mainGroup = 29B97314FDCFA39411CA2CEA /* Bezipped */;
			projectDirPath = "";
			projectRoot = "";
			targets = (
				8D1107260486CEB800E47090 /* Bezipped */,
			);
		};
/* End PBXProject section */

/* Begin PBXResourcesBuildPhase section */
		8D1107290486CEB800E47090 /* Resources */ = {
			isa = PBXResourcesBuildPhase;
			buildActionMask = 2147483647;
			files = (
				8D11072A0486CEB800E47090 /* MainMenu.nib in Resources */,
				8D11072B0486CEB800E47090 /* InfoPlist.strings in Resources */,
				131820D20DA9368600DCC77A /* ArchiveProgressView.xib in Resources */,
				1318212C0DA93C6A00DCC77A /* Bezipped.icns in Resources */,
				1375AE890DB6E85800855CFC /* Preferences.xib in Resources */,
				13E79FF20DCC803B00CD8237 /* AboutBox.xib in Resources */,
			);
			runOnlyForDeploymentPostprocessing = 0;
		};
/* End PBXResourcesBuildPhase section */

/* Begin PBXSourcesBuildPhase section */
		8D11072C0486CEB800E47090 /* Sources */ = {
			isa = PBXSourcesBuildPhase;
			buildActionMask = 2147483647;
			files = (
				8D11072D0486CEB800E47090 /* main.m in Sources */,
				131820E40DA9378100DCC77A /* ArchiveProgressController.m in Sources */,
				131820E50DA9378100DCC77A /* MFDropBox.m in Sources */,
				131820E60DA9378100DCC77A /* MFFlippedView.m in Sources */,
				131820E70DA9378100DCC77A /* FSGrowler.m in Sources */,
				13B90C6E0DAC41F100996E85 /* AJHBezierUtils.m in Sources */,
				13B90C6F0DAC41F100996E85 /* MFDropZoneView.m in Sources */,
				136F75910DB25F51006E4780 /* MFBigTextView.m in Sources */,
				131394F80DB40DC0006C42EB /* ArchiveProgressView.m in Sources */,
				1375AE8F0DB6EB0F00855CFC /* PreferencesController.m in Sources */,
				13E7A0110DCC87BF00CD8237 /* AboutBoxController.m in Sources */,
				139F39C10EA800480078D241 /* AppController.m in Sources */,
			);
			runOnlyForDeploymentPostprocessing = 0;
		};
/* End PBXSourcesBuildPhase section */

/* Begin PBXVariantGroup section */
		089C165CFE840E0CC02AAC07 /* InfoPlist.strings */ = {
			isa = PBXVariantGroup;
			children = (
				089C165DFE840E0CC02AAC07 /* English */,
			);
			name = InfoPlist.strings;
			sourceTree = "<group>";
		};
		29B97318FDCFA39411CA2CEA /* MainMenu.nib */ = {
			isa = PBXVariantGroup;
			children = (
				29B97319FDCFA39411CA2CEA /* English */,
			);
			name = MainMenu.nib;
			sourceTree = "<group>";
		};
/* End PBXVariantGroup section */

/* Begin XCBuildConfiguration section */
		C01FCF4B08A954540054247B /* Debug */ = {
			isa = XCBuildConfiguration;
			buildSettings = {
				ALWAYS_SEARCH_USER_PATHS = NO;
				COPY_PHASE_STRIP = NO;
				FRAMEWORK_SEARCH_PATHS = (
					"$(inherited)",
					"\"$(SRCROOT)\"",
				);
				GCC_DYNAMIC_NO_PIC = NO;
				GCC_ENABLE_FIX_AND_CONTINUE = YES;
				GCC_MODEL_TUNING = G5;
				GCC_OPTIMIZATION_LEVEL = 0;
				GCC_PRECOMPILE_PREFIX_HEADER = YES;
				GCC_PREFIX_HEADER = Bezipped_Prefix.pch;
				INFOPLIST_FILE = Info.plist;
				INSTALL_PATH = "$(HOME)/Applications";
				PRODUCT_NAME = Bezipped;
			};
			name = Debug;
		};
		C01FCF4C08A954540054247B /* Release */ = {
			isa = XCBuildConfiguration;
			buildSettings = {
				ALWAYS_SEARCH_USER_PATHS = NO;
				DEBUG_INFORMATION_FORMAT = "dwarf-with-dsym";
				FRAMEWORK_SEARCH_PATHS = (
					"$(inherited)",
					"\"$(SRCROOT)\"",
				);
				GCC_MODEL_TUNING = G5;
				GCC_PRECOMPILE_PREFIX_HEADER = YES;
				GCC_PREFIX_HEADER = Bezipped_Prefix.pch;
				INFOPLIST_FILE = Info.plist;
				INSTALL_PATH = "$(HOME)/Applications";
				PRODUCT_NAME = Bezipped;
			};
			name = Release;
		};
		C01FCF4F08A954540054247B /* Debug */ = {
			isa = XCBuildConfiguration;
			buildSettings = {
				ALWAYS_SEARCH_USER_PATHS = NO;
				ARCHS = "$(ARCHS_STANDARD_32_BIT)";
				GCC_C_LANGUAGE_STANDARD = c99;
				GCC_OPTIMIZATION_LEVEL = 0;
				GCC_WARN_ABOUT_RETURN_TYPE = YES;
				GCC_WARN_UNUSED_VARIABLE = YES;
				ONLY_ACTIVE_ARCH = YES;
				PREBINDING = NO;
				SDKROOT = macosx10.5;
			};
			name = Debug;
		};
		C01FCF5008A954540054247B /* Release */ = {
			isa = XCBuildConfiguration;
			buildSettings = {
				ALWAYS_SEARCH_USER_PATHS = NO;
				ARCHS = "$(ARCHS_STANDARD_32_BIT)";
				GCC_C_LANGUAGE_STANDARD = c99;
				GCC_WARN_ABOUT_RETURN_TYPE = YES;
				GCC_WARN_UNUSED_VARIABLE = YES;
				PREBINDING = NO;
				SDKROOT = macosx10.5;
			};
			name = Release;
		};
/* End XCBuildConfiguration section */

/* Begin XCConfigurationList section */
		C01FCF4A08A954540054247B /* Build configuration list for PBXNativeTarget "Bezipped" */ = {
			isa = XCConfigurationList;
			buildConfigurations = (
				C01FCF4B08A954540054247B /* Debug */,
				C01FCF4C08A954540054247B /* Release */,
			);
			defaultConfigurationIsVisible = 0;
			defaultConfigurationName = Release;
		};
		C01FCF4E08A954540054247B /* Build configuration list for PBXProject "Bezipped" */ = {
			isa = XCConfigurationList;
			buildConfigurations = (
				C01FCF4F08A954540054247B /* Debug */,
				C01FCF5008A954540054247B /* Release */,
			);
			defaultConfigurationIsVisible = 0;
			defaultConfigurationName = Release;
		};
/* End XCConfigurationList section */
	};
	rootObject = 29B97313FDCFA39411CA2CEA /* Project object */;
}
